
Microsoft Visual Studio Solution File, Format Version 12.00
# Visual Studio 2013
VisualStudioVersion = 12.0.21005.1
MinimumVisualStudioVersion = 10.0.40219.1
Project("{FAE04EC0-301F-11D3-BF4B-00C04F79EFBC}") = "TipCalc.CrossPlat.Core", "TipCalc.CrossPlat.Core\TipCalc.CrossPlat.Core.csproj", "{DFBB24A4-417E-45F9-88B4-370A515D546D}"
EndProject
Project("{FAE04EC0-301F-11D3-BF4B-00C04F79EFBC}") = "TipCalc.CrossPlat.Droid", "TipCalc.CrossPlat.Droid\TipCalc.CrossPlat.Droid.csproj", "{A3E66A50-3FA8-4247-89A9-BA1865FAC9D0}"
EndProject
Project("{FAE04EC0-301F-11D3-BF4B-00C04F79EFBC}") = "TipCalc.CrossPlat.WinPhone", "TipCalc.CrossPlat.WinPhone\TipCalc.CrossPlat.WinPhone.csproj", "{5E3283A1-8C72-4C07-BEA3-38D565D57005}"
EndProject
Project("{FAE04EC0-301F-11D3-BF4B-00C04F79EFBC}") = "TipCalc.CrossPlat.WinStore", "TipCalc.CrossPlat.WinStore\TipCalc.CrossPlat.WinStore.csproj", "{D5AA52B9-5184-49B0-8B24-15CE87B28D44}"
EndProject
Project("{FAE04EC0-301F-11D3-BF4B-00C04F79EFBC}") = "TipCalc.CrossPlat.iOS", "TipCalc.CrossPlat.iOS\TipCalc.CrossPlat.iOS.csproj", "{52EA183E-6B3D-42AC-BCE2-B1F4357F4B6F}"
EndProject
Project("{FAE04EC0-301F-11D3-BF4B-00C04F79EFBC}") = "TipCalc.CrossPlat.Kindle", "TipCalc.CrossPlat.Kindle\TipCalc.CrossPlat.Kindle.csproj", "{8911C8C4-3FCB-428D-94AA-301697D27B6B}"
EndProject
Global
	GlobalSection(SolutionConfigurationPlatforms) = preSolution
		Ad-Hoc|Any CPU = Ad-Hoc|Any CPU
		Ad-Hoc|ARM = Ad-Hoc|ARM
		Ad-Hoc|iPhone = Ad-Hoc|iPhone
		Ad-Hoc|iPhoneSimulator = Ad-Hoc|iPhoneSimulator
		Ad-Hoc|Mixed Platforms = Ad-Hoc|Mixed Platforms
		Ad-Hoc|x64 = Ad-Hoc|x64
		Ad-Hoc|x86 = Ad-Hoc|x86
		AppStore|Any CPU = AppStore|Any CPU
		AppStore|ARM = AppStore|ARM
		AppStore|iPhone = AppStore|iPhone
		AppStore|iPhoneSimulator = AppStore|iPhoneSimulator
		AppStore|Mixed Platforms = AppStore|Mixed Platforms
		AppStore|x64 = AppStore|x64
		AppStore|x86 = AppStore|x86
		Debug|Any CPU = Debug|Any CPU
		Debug|ARM = Debug|ARM
		Debug|iPhone = Debug|iPhone
		Debug|iPhoneSimulator = Debug|iPhoneSimulator
		Debug|Mixed Platforms = Debug|Mixed Platforms
		Debug|x64 = Debug|x64
		Debug|x86 = Debug|x86
		Release|Any CPU = Release|Any CPU
		Release|ARM = Release|ARM
		Release|iPhone = Release|iPhone
		Release|iPhoneSimulator = Release|iPhoneSimulator
		Release|Mixed Platforms = Release|Mixed Platforms
		Release|x64 = Release|x64
		Release|x86 = Release|x86
	EndGlobalSection
	GlobalSection(ProjectConfigurationPlatforms) = postSolution
		{DFBB24A4-417E-45F9-88B4-370A515D546D}.Ad-Hoc|Any CPU.ActiveCfg = Release|Any CPU
		{DFBB24A4-417E-45F9-88B4-370A515D546D}.Ad-Hoc|Any CPU.Build.0 = Release|Any CPU
		{DFBB24A4-417E-45F9-88B4-370A515D546D}.Ad-Hoc|ARM.ActiveCfg = Debug|Any CPU
		{DFBB24A4-417E-45F9-88B4-370A515D546D}.Ad-Hoc|iPhone.ActiveCfg = Release|Any CPU
		{DFBB24A4-417E-45F9-88B4-370A515D546D}.Ad-Hoc|iPhoneSimulator.ActiveCfg = Release|Any CPU
		{DFBB24A4-417E-45F9-88B4-370A515D546D}.Ad-Hoc|Mixed Platforms.ActiveCfg = Release|Any CPU
		{DFBB24A4-417E-45F9-88B4-370A515D546D}.Ad-Hoc|Mixed Platforms.Build.0 = Release|Any CPU
		{DFBB24A4-417E-45F9-88B4-370A515D546D}.Ad-Hoc|x64.ActiveCfg = Debug|Any CPU
		{DFBB24A4-417E-45F9-88B4-370A515D546D}.Ad-Hoc|x86.ActiveCfg = Debug|Any CPU
		{DFBB24A4-417E-45F9-88B4-370A515D546D}.AppStore|Any CPU.ActiveCfg = Release|Any CPU
		{DFBB24A4-417E-45F9-88B4-370A515D546D}.AppStore|Any CPU.Build.0 = Release|Any CPU
		{DFBB24A4-417E-45F9-88B4-370A515D546D}.AppStore|ARM.ActiveCfg = Debug|Any CPU
		{DFBB24A4-417E-45F9-88B4-370A515D546D}.AppStore|iPhone.ActiveCfg = Release|Any CPU
		{DFBB24A4-417E-45F9-88B4-370A515D546D}.AppStore|iPhoneSimulator.ActiveCfg = Release|Any CPU
		{DFBB24A4-417E-45F9-88B4-370A515D546D}.AppStore|Mixed Platforms.ActiveCfg = Release|Any CPU
		{DFBB24A4-417E-45F9-88B4-370A515D546D}.AppStore|Mixed Platforms.Build.0 = Release|Any CPU
		{DFBB24A4-417E-45F9-88B4-370A515D546D}.AppStore|x64.ActiveCfg = Debug|Any CPU
		{DFBB24A4-417E-45F9-88B4-370A515D546D}.AppStore|x86.ActiveCfg = Debug|Any CPU
		{DFBB24A4-417E-45F9-88B4-370A515D546D}.Debug|Any CPU.ActiveCfg = Debug|Any CPU
		{DFBB24A4-417E-45F9-88B4-370A515D546D}.Debug|Any CPU.Build.0 = Debug|Any CPU
		{DFBB24A4-417E-45F9-88B4-370A515D546D}.Debug|ARM.ActiveCfg = Debug|Any CPU
		{DFBB24A4-417E-45F9-88B4-370A515D546D}.Debug|iPhone.ActiveCfg = Debug|Any CPU
		{DFBB24A4-417E-45F9-88B4-370A515D546D}.Debug|iPhoneSimulator.ActiveCfg = Debug|Any CPU
		{DFBB24A4-417E-45F9-88B4-370A515D546D}.Debug|Mixed Platforms.ActiveCfg = Debug|Any CPU
		{DFBB24A4-417E-45F9-88B4-370A515D546D}.Debug|Mixed Platforms.Build.0 = Debug|Any CPU
		{DFBB24A4-417E-45F9-88B4-370A515D546D}.Debug|x64.ActiveCfg = Debug|Any CPU
		{DFBB24A4-417E-45F9-88B4-370A515D546D}.Debug|x86.ActiveCfg = Debug|Any CPU
		{DFBB24A4-417E-45F9-88B4-370A515D546D}.Release|Any CPU.ActiveCfg = Release|Any CPU
		{DFBB24A4-417E-45F9-88B4-370A515D546D}.Release|Any CPU.Build.0 = Release|Any CPU
		{DFBB24A4-417E-45F9-88B4-370A515D546D}.Release|ARM.ActiveCfg = Release|Any CPU
		{DFBB24A4-417E-45F9-88B4-370A515D546D}.Release|iPhone.ActiveCfg = Release|Any CPU
		{DFBB24A4-417E-45F9-88B4-370A515D546D}.Release|iPhoneSimulator.ActiveCfg = Release|Any CPU
		{DFBB24A4-417E-45F9-88B4-370A515D546D}.Release|Mixed Platforms.ActiveCfg = Release|Any CPU
		{DFBB24A4-417E-45F9-88B4-370A515D546D}.Release|Mixed Platforms.Build.0 = Release|Any CPU
		{DFBB24A4-417E-45F9-88B4-370A515D546D}.Release|x64.ActiveCfg = Release|Any CPU
		{DFBB24A4-417E-45F9-88B4-370A515D546D}.Release|x86.ActiveCfg = Release|Any CPU
		{A3E66A50-3FA8-4247-89A9-BA1865FAC9D0}.Ad-Hoc|Any CPU.ActiveCfg = Release|Any CPU
		{A3E66A50-3FA8-4247-89A9-BA1865FAC9D0}.Ad-Hoc|Any CPU.Build.0 = Release|Any CPU
		{A3E66A50-3FA8-4247-89A9-BA1865FAC9D0}.Ad-Hoc|Any CPU.Deploy.0 = Release|Any CPU
		{A3E66A50-3FA8-4247-89A9-BA1865FAC9D0}.Ad-Hoc|ARM.ActiveCfg = Debug|Any CPU
		{A3E66A50-3FA8-4247-89A9-BA1865FAC9D0}.Ad-Hoc|iPhone.ActiveCfg = Release|Any CPU
		{A3E66A50-3FA8-4247-89A9-BA1865FAC9D0}.Ad-Hoc|iPhoneSimulator.ActiveCfg = Release|Any CPU
		{A3E66A50-3FA8-4247-89A9-BA1865FAC9D0}.Ad-Hoc|Mixed Platforms.ActiveCfg = Release|Any CPU
		{A3E66A50-3FA8-4247-89A9-BA1865FAC9D0}.Ad-Hoc|Mixed Platforms.Build.0 = Release|Any CPU
		{A3E66A50-3FA8-4247-89A9-BA1865FAC9D0}.Ad-Hoc|Mixed Platforms.Deploy.0 = Release|Any CPU
		{A3E66A50-3FA8-4247-89A9-BA1865FAC9D0}.Ad-Hoc|x64.ActiveCfg = Debug|Any CPU
		{A3E66A50-3FA8-4247-89A9-BA1865FAC9D0}.Ad-Hoc|x86.ActiveCfg = Debug|Any CPU
		{A3E66A50-3FA8-4247-89A9-BA1865FAC9D0}.AppStore|Any CPU.ActiveCfg = Release|Any CPU
		{A3E66A50-3FA8-4247-89A9-BA1865FAC9D0}.AppStore|Any CPU.Build.0 = Release|Any CPU
		{A3E66A50-3FA8-4247-89A9-BA1865FAC9D0}.AppStore|Any CPU.Deploy.0 = Release|Any CPU
		{A3E66A50-3FA8-4247-89A9-BA1865FAC9D0}.AppStore|ARM.ActiveCfg = Debug|Any CPU
		{A3E66A50-3FA8-4247-89A9-BA1865FAC9D0}.AppStore|iPhone.ActiveCfg = Release|Any CPU
		{A3E66A50-3FA8-4247-89A9-BA1865FAC9D0}.AppStore|iPhoneSimulator.ActiveCfg = Release|Any CPU
		{A3E66A50-3FA8-4247-89A9-BA1865FAC9D0}.AppStore|Mixed Platforms.ActiveCfg = Release|Any CPU
		{A3E66A50-3FA8-4247-89A9-BA1865FAC9D0}.AppStore|Mixed Platforms.Build.0 = Release|Any CPU
		{A3E66A50-3FA8-4247-89A9-BA1865FAC9D0}.AppStore|Mixed Platforms.Deploy.0 = Release|Any CPU
		{A3E66A50-3FA8-4247-89A9-BA1865FAC9D0}.AppStore|x64.ActiveCfg = Debug|Any CPU
		{A3E66A50-3FA8-4247-89A9-BA1865FAC9D0}.AppStore|x86.ActiveCfg = Debug|Any CPU
		{A3E66A50-3FA8-4247-89A9-BA1865FAC9D0}.Debug|Any CPU.ActiveCfg = Debug|Any CPU
		{A3E66A50-3FA8-4247-89A9-BA1865FAC9D0}.Debug|Any CPU.Build.0 = Debug|Any CPU
		{A3E66A50-3FA8-4247-89A9-BA1865FAC9D0}.Debug|Any CPU.Deploy.0 = Debug|Any CPU
		{A3E66A50-3FA8-4247-89A9-BA1865FAC9D0}.Debug|ARM.ActiveCfg = Debug|Any CPU
		{A3E66A50-3FA8-4247-89A9-BA1865FAC9D0}.Debug|iPhone.ActiveCfg = Debug|Any CPU
		{A3E66A50-3FA8-4247-89A9-BA1865FAC9D0}.Debug|iPhoneSimulator.ActiveCfg = Debug|Any CPU
		{A3E66A50-3FA8-4247-89A9-BA1865FAC9D0}.Debug|Mixed Platforms.ActiveCfg = Debug|Any CPU
		{A3E66A50-3FA8-4247-89A9-BA1865FAC9D0}.Debug|Mixed Platforms.Build.0 = Debug|Any CPU
		{A3E66A50-3FA8-4247-89A9-BA1865FAC9D0}.Debug|Mixed Platforms.Deploy.0 = Debug|Any CPU
		{A3E66A50-3FA8-4247-89A9-BA1865FAC9D0}.Debug|x64.ActiveCfg = Debug|Any CPU
		{A3E66A50-3FA8-4247-89A9-BA1865FAC9D0}.Debug|x86.ActiveCfg = Debug|Any CPU
		{A3E66A50-3FA8-4247-89A9-BA1865FAC9D0}.Release|Any CPU.ActiveCfg = Release|Any CPU
		{A3E66A50-3FA8-4247-89A9-BA1865FAC9D0}.Release|Any CPU.Build.0 = Release|Any CPU
		{A3E66A50-3FA8-4247-89A9-BA1865FAC9D0}.Release|Any CPU.Deploy.0 = Release|Any CPU
		{A3E66A50-3FA8-4247-89A9-BA1865FAC9D0}.Release|ARM.ActiveCfg = Release|Any CPU
		{A3E66A50-3FA8-4247-89A9-BA1865FAC9D0}.Release|iPhone.ActiveCfg = Release|Any CPU
		{A3E66A50-3FA8-4247-89A9-BA1865FAC9D0}.Release|iPhoneSimulator.ActiveCfg = Release|Any CPU
		{A3E66A50-3FA8-4247-89A9-BA1865FAC9D0}.Release|Mixed Platforms.ActiveCfg = Release|Any CPU
		{A3E66A50-3FA8-4247-89A9-BA1865FAC9D0}.Release|Mixed Platforms.Build.0 = Release|Any CPU
		{A3E66A50-3FA8-4247-89A9-BA1865FAC9D0}.Release|Mixed Platforms.Deploy.0 = Release|Any CPU
		{A3E66A50-3FA8-4247-89A9-BA1865FAC9D0}.Release|x64.ActiveCfg = Release|Any CPU
		{A3E66A50-3FA8-4247-89A9-BA1865FAC9D0}.Release|x86.ActiveCfg = Release|Any CPU
		{5E3283A1-8C72-4C07-BEA3-38D565D57005}.Ad-Hoc|Any CPU.ActiveCfg = Release|Any CPU
		{5E3283A1-8C72-4C07-BEA3-38D565D57005}.Ad-Hoc|Any CPU.Build.0 = Release|Any CPU
		{5E3283A1-8C72-4C07-BEA3-38D565D57005}.Ad-Hoc|Any CPU.Deploy.0 = Release|Any CPU
		{5E3283A1-8C72-4C07-BEA3-38D565D57005}.Ad-Hoc|ARM.ActiveCfg = Release|ARM
		{5E3283A1-8C72-4C07-BEA3-38D565D57005}.Ad-Hoc|ARM.Build.0 = Release|ARM
		{5E3283A1-8C72-4C07-BEA3-38D565D57005}.Ad-Hoc|ARM.Deploy.0 = Release|ARM
		{5E3283A1-8C72-4C07-BEA3-38D565D57005}.Ad-Hoc|iPhone.ActiveCfg = Release|Any CPU
		{5E3283A1-8C72-4C07-BEA3-38D565D57005}.Ad-Hoc|iPhoneSimulator.ActiveCfg = Release|Any CPU
		{5E3283A1-8C72-4C07-BEA3-38D565D57005}.Ad-Hoc|Mixed Platforms.ActiveCfg = Release|x86
		{5E3283A1-8C72-4C07-BEA3-38D565D57005}.Ad-Hoc|Mixed Platforms.Build.0 = Release|x86
		{5E3283A1-8C72-4C07-BEA3-38D565D57005}.Ad-Hoc|Mixed Platforms.Deploy.0 = Release|x86
		{5E3283A1-8C72-4C07-BEA3-38D565D57005}.Ad-Hoc|x64.ActiveCfg = Debug|Any CPU
		{5E3283A1-8C72-4C07-BEA3-38D565D57005}.Ad-Hoc|x86.ActiveCfg = Release|x86
		{5E3283A1-8C72-4C07-BEA3-38D565D57005}.Ad-Hoc|x86.Build.0 = Release|x86
		{5E3283A1-8C72-4C07-BEA3-38D565D57005}.Ad-Hoc|x86.Deploy.0 = Release|x86
		{5E3283A1-8C72-4C07-BEA3-38D565D57005}.AppStore|Any CPU.ActiveCfg = Release|Any CPU
		{5E3283A1-8C72-4C07-BEA3-38D565D57005}.AppStore|Any CPU.Build.0 = Release|Any CPU
		{5E3283A1-8C72-4C07-BEA3-38D565D57005}.AppStore|Any CPU.Deploy.0 = Release|Any CPU
		{5E3283A1-8C72-4C07-BEA3-38D565D57005}.AppStore|ARM.ActiveCfg = Release|ARM
		{5E3283A1-8C72-4C07-BEA3-38D565D57005}.AppStore|ARM.Build.0 = Release|ARM
		{5E3283A1-8C72-4C07-BEA3-38D565D57005}.AppStore|ARM.Deploy.0 = Release|ARM
		{5E3283A1-8C72-4C07-BEA3-38D565D57005}.AppStore|iPhone.ActiveCfg = Release|Any CPU
		{5E3283A1-8C72-4C07-BEA3-38D565D57005}.AppStore|iPhoneSimulator.ActiveCfg = Release|Any CPU
		{5E3283A1-8C72-4C07-BEA3-38D565D57005}.AppStore|Mixed Platforms.ActiveCfg = Release|x86
		{5E3283A1-8C72-4C07-BEA3-38D565D57005}.AppStore|Mixed Platforms.Build.0 = Release|x86
		{5E3283A1-8C72-4C07-BEA3-38D565D57005}.AppStore|Mixed Platforms.Deploy.0 = Release|x86
		{5E3283A1-8C72-4C07-BEA3-38D565D57005}.AppStore|x64.ActiveCfg = Debug|Any CPU
		{5E3283A1-8C72-4C07-BEA3-38D565D57005}.AppStore|x86.ActiveCfg = Release|x86
		{5E3283A1-8C72-4C07-BEA3-38D565D57005}.AppStore|x86.Build.0 = Release|x86
		{5E3283A1-8C72-4C07-BEA3-38D565D57005}.AppStore|x86.Deploy.0 = Release|x86
		{5E3283A1-8C72-4C07-BEA3-38D565D57005}.Debug|Any CPU.ActiveCfg = Debug|Any CPU
		{5E3283A1-8C72-4C07-BEA3-38D565D57005}.Debug|Any CPU.Build.0 = Debug|Any CPU
		{5E3283A1-8C72-4C07-BEA3-38D565D57005}.Debug|Any CPU.Deploy.0 = Debug|Any CPU
		{5E3283A1-8C72-4C07-BEA3-38D565D57005}.Debug|ARM.ActiveCfg = Debug|ARM
		{5E3283A1-8C72-4C07-BEA3-38D565D57005}.Debug|ARM.Build.0 = Debug|ARM
		{5E3283A1-8C72-4C07-BEA3-38D565D57005}.Debug|ARM.Deploy.0 = Debug|ARM
		{5E3283A1-8C72-4C07-BEA3-38D565D57005}.Debug|iPhone.ActiveCfg = Debug|Any CPU
		{5E3283A1-8C72-4C07-BEA3-38D565D57005}.Debug|iPhoneSimulator.ActiveCfg = Debug|Any CPU
		{5E3283A1-8C72-4C07-BEA3-38D565D57005}.Debug|Mixed Platforms.ActiveCfg = Debug|x86
		{5E3283A1-8C72-4C07-BEA3-38D565D57005}.Debug|Mixed Platforms.Build.0 = Debug|x86
		{5E3283A1-8C72-4C07-BEA3-38D565D57005}.Debug|Mixed Platforms.Deploy.0 = Debug|x86
		{5E3283A1-8C72-4C07-BEA3-38D565D57005}.Debug|x64.ActiveCfg = Debug|Any CPU
		{5E3283A1-8C72-4C07-BEA3-38D565D57005}.Debug|x86.ActiveCfg = Debug|x86
		{5E3283A1-8C72-4C07-BEA3-38D565D57005}.Debug|x86.Build.0 = Debug|x86
		{5E3283A1-8C72-4C07-BEA3-38D565D57005}.Debug|x86.Deploy.0 = Debug|x86
		{5E3283A1-8C72-4C07-BEA3-38D565D57005}.Release|Any CPU.ActiveCfg = Release|Any CPU
		{5E3283A1-8C72-4C07-BEA3-38D565D57005}.Release|Any CPU.Build.0 = Release|Any CPU
		{5E3283A1-8C72-4C07-BEA3-38D565D57005}.Release|Any CPU.Deploy.0 = Release|Any CPU
		{5E3283A1-8C72-4C07-BEA3-38D565D57005}.Release|ARM.ActiveCfg = Release|ARM
		{5E3283A1-8C72-4C07-BEA3-38D565D57005}.Release|ARM.Build.0 = Release|ARM
		{5E3283A1-8C72-4C07-BEA3-38D565D57005}.Release|ARM.Deploy.0 = Release|ARM
		{5E3283A1-8C72-4C07-BEA3-38D565D57005}.Release|iPhone.ActiveCfg = Release|Any CPU
		{5E3283A1-8C72-4C07-BEA3-38D565D57005}.Release|iPhoneSimulator.ActiveCfg = Release|Any CPU
		{5E3283A1-8C72-4C07-BEA3-38D565D57005}.Release|Mixed Platforms.ActiveCfg = Release|x86
		{5E3283A1-8C72-4C07-BEA3-38D565D57005}.Release|Mixed Platforms.Build.0 = Release|x86
		{5E3283A1-8C72-4C07-BEA3-38D565D57005}.Release|Mixed Platforms.Deploy.0 = Release|x86
		{5E3283A1-8C72-4C07-BEA3-38D565D57005}.Release|x64.ActiveCfg = Release|Any CPU
		{5E3283A1-8C72-4C07-BEA3-38D565D57005}.Release|x86.ActiveCfg = Release|x86
		{5E3283A1-8C72-4C07-BEA3-38D565D57005}.Release|x86.Build.0 = Release|x86
		{5E3283A1-8C72-4C07-BEA3-38D565D57005}.Release|x86.Deploy.0 = Release|x86
		{D5AA52B9-5184-49B0-8B24-15CE87B28D44}.Ad-Hoc|Any CPU.ActiveCfg = Release|Any CPU
		{D5AA52B9-5184-49B0-8B24-15CE87B28D44}.Ad-Hoc|Any CPU.Build.0 = Release|Any CPU
		{D5AA52B9-5184-49B0-8B24-15CE87B28D44}.Ad-Hoc|Any CPU.Deploy.0 = Release|Any CPU
		{D5AA52B9-5184-49B0-8B24-15CE87B28D44}.Ad-Hoc|ARM.ActiveCfg = Release|ARM
		{D5AA52B9-5184-49B0-8B24-15CE87B28D44}.Ad-Hoc|ARM.Build.0 = Release|ARM
		{D5AA52B9-5184-49B0-8B24-15CE87B28D44}.Ad-Hoc|ARM.Deploy.0 = Release|ARM
		{D5AA52B9-5184-49B0-8B24-15CE87B28D44}.Ad-Hoc|iPhone.ActiveCfg = Release|Any CPU
		{D5AA52B9-5184-49B0-8B24-15CE87B28D44}.Ad-Hoc|iPhoneSimulator.ActiveCfg = Release|Any CPU
		{D5AA52B9-5184-49B0-8B24-15CE87B28D44}.Ad-Hoc|Mixed Platforms.ActiveCfg = Release|x86
		{D5AA52B9-5184-49B0-8B24-15CE87B28D44}.Ad-Hoc|Mixed Platforms.Build.0 = Release|x86
		{D5AA52B9-5184-49B0-8B24-15CE87B28D44}.Ad-Hoc|Mixed Platforms.Deploy.0 = Release|x86
		{D5AA52B9-5184-49B0-8B24-15CE87B28D44}.Ad-Hoc|x64.ActiveCfg = Release|x64
		{D5AA52B9-5184-49B0-8B24-15CE87B28D44}.Ad-Hoc|x64.Build.0 = Release|x64
		{D5AA52B9-5184-49B0-8B24-15CE87B28D44}.Ad-Hoc|x64.Deploy.0 = Release|x64
		{D5AA52B9-5184-49B0-8B24-15CE87B28D44}.Ad-Hoc|x86.ActiveCfg = Release|x86
		{D5AA52B9-5184-49B0-8B24-15CE87B28D44}.Ad-Hoc|x86.Build.0 = Release|x86
		{D5AA52B9-5184-49B0-8B24-15CE87B28D44}.Ad-Hoc|x86.Deploy.0 = Release|x86
		{D5AA52B9-5184-49B0-8B24-15CE87B28D44}.AppStore|Any CPU.ActiveCfg = Release|Any CPU
		{D5AA52B9-5184-49B0-8B24-15CE87B28D44}.AppStore|Any CPU.Build.0 = Release|Any CPU
		{D5AA52B9-5184-49B0-8B24-15CE87B28D44}.AppStore|Any CPU.Deploy.0 = Release|Any CPU
		{D5AA52B9-5184-49B0-8B24-15CE87B28D44}.AppStore|ARM.ActiveCfg = Release|ARM
		{D5AA52B9-5184-49B0-8B24-15CE87B28D44}.AppStore|ARM.Build.0 = Release|ARM
		{D5AA52B9-5184-49B0-8B24-15CE87B28D44}.AppStore|ARM.Deploy.0 = Release|ARM
		{D5AA52B9-5184-49B0-8B24-15CE87B28D44}.AppStore|iPhone.ActiveCfg = Release|Any CPU
		{D5AA52B9-5184-49B0-8B24-15CE87B28D44}.AppStore|iPhoneSimulator.ActiveCfg = Release|Any CPU
		{D5AA52B9-5184-49B0-8B24-15CE87B28D44}.AppStore|Mixed Platforms.ActiveCfg = Release|x86
		{D5AA52B9-5184-49B0-8B24-15CE87B28D44}.AppStore|Mixed Platforms.Build.0 = Release|x86
		{D5AA52B9-5184-49B0-8B24-15CE87B28D44}.AppStore|Mixed Platforms.Deploy.0 = Release|x86
		{D5AA52B9-5184-49B0-8B24-15CE87B28D44}.AppStore|x64.ActiveCfg = Release|x64
		{D5AA52B9-5184-49B0-8B24-15CE87B28D44}.AppStore|x64.Build.0 = Release|x64
		{D5AA52B9-5184-49B0-8B24-15CE87B28D44}.AppStore|x64.Deploy.0 = Release|x64
		{D5AA52B9-5184-49B0-8B24-15CE87B28D44}.AppStore|x86.ActiveCfg = Release|x86
		{D5AA52B9-5184-49B0-8B24-15CE87B28D44}.AppStore|x86.Build.0 = Release|x86
		{D5AA52B9-5184-49B0-8B24-15CE87B28D44}.AppStore|x86.Deploy.0 = Release|x86
		{D5AA52B9-5184-49B0-8B24-15CE87B28D44}.Debug|Any CPU.ActiveCfg = Debug|Any CPU
		{D5AA52B9-5184-49B0-8B24-15CE87B28D44}.Debug|Any CPU.Build.0 = Debug|Any CPU
		{D5AA52B9-5184-49B0-8B24-15CE87B28D44}.Debug|Any CPU.Deploy.0 = Debug|Any CPU
		{D5AA52B9-5184-49B0-8B24-15CE87B28D44}.Debug|ARM.ActiveCfg = Debug|ARM
		{D5AA52B9-5184-49B0-8B24-15CE87B28D44}.Debug|ARM.Build.0 = Debug|ARM
		{D5AA52B9-5184-49B0-8B24-15CE87B28D44}.Debug|ARM.Deploy.0 = Debug|ARM
		{D5AA52B9-5184-49B0-8B24-15CE87B28D44}.Debug|iPhone.ActiveCfg = Debug|Any CPU
		{D5AA52B9-5184-49B0-8B24-15CE87B28D44}.Debug|iPhoneSimulator.ActiveCfg = Debug|Any CPU
		{D5AA52B9-5184-49B0-8B24-15CE87B28D44}.Debug|Mixed Platforms.ActiveCfg = Debug|x86
		{D5AA52B9-5184-49B0-8B24-15CE87B28D44}.Debug|Mixed Platforms.Build.0 = Debug|x86
		{D5AA52B9-5184-49B0-8B24-15CE87B28D44}.Debug|Mixed Platforms.Deploy.0 = Debug|x86
		{D5AA52B9-5184-49B0-8B24-15CE87B28D44}.Debug|x64.ActiveCfg = Debug|x64
		{D5AA52B9-5184-49B0-8B24-15CE87B28D44}.Debug|x64.Build.0 = Debug|x64
		{D5AA52B9-5184-49B0-8B24-15CE87B28D44}.Debug|x64.Deploy.0 = Debug|x64
		{D5AA52B9-5184-49B0-8B24-15CE87B28D44}.Debug|x86.ActiveCfg = Debug|x86
		{D5AA52B9-5184-49B0-8B24-15CE87B28D44}.Debug|x86.Build.0 = Debug|x86
		{D5AA52B9-5184-49B0-8B24-15CE87B28D44}.Debug|x86.Deploy.0 = Debug|x86
		{D5AA52B9-5184-49B0-8B24-15CE87B28D44}.Release|Any CPU.ActiveCfg = Release|Any CPU
		{D5AA52B9-5184-49B0-8B24-15CE87B28D44}.Release|Any CPU.Build.0 = Release|Any CPU
		{D5AA52B9-5184-49B0-8B24-15CE87B28D44}.Release|Any CPU.Deploy.0 = Release|Any CPU
		{D5AA52B9-5184-49B0-8B24-15CE87B28D44}.Release|ARM.ActiveCfg = Release|ARM
		{D5AA52B9-5184-49B0-8B24-15CE87B28D44}.Release|ARM.Build.0 = Release|ARM
		{D5AA52B9-5184-49B0-8B24-15CE87B28D44}.Release|ARM.Deploy.0 = Release|ARM
		{D5AA52B9-5184-49B0-8B24-15CE87B28D44}.Release|iPhone.ActiveCfg = Release|Any CPU
		{D5AA52B9-5184-49B0-8B24-15CE87B28D44}.Release|iPhoneSimulator.ActiveCfg = Release|Any CPU
		{D5AA52B9-5184-49B0-8B24-15CE87B28D44}.Release|Mixed Platforms.ActiveCfg = Release|x86
		{D5AA52B9-5184-49B0-8B24-15CE87B28D44}.Release|Mixed Platforms.Build.0 = Release|x86
		{D5AA52B9-5184-49B0-8B24-15CE87B28D44}.Release|Mixed Platforms.Deploy.0 = Release|x86
		{D5AA52B9-5184-49B0-8B24-15CE87B28D44}.Release|x64.ActiveCfg = Release|x64
		{D5AA52B9-5184-49B0-8B24-15CE87B28D44}.Release|x64.Build.0 = Release|x64
		{D5AA52B9-5184-49B0-8B24-15CE87B28D44}.Release|x64.Deploy.0 = Release|x64
		{D5AA52B9-5184-49B0-8B24-15CE87B28D44}.Release|x86.ActiveCfg = Release|x86
		{D5AA52B9-5184-49B0-8B24-15CE87B28D44}.Release|x86.Build.0 = Release|x86
		{D5AA52B9-5184-49B0-8B24-15CE87B28D44}.Release|x86.Deploy.0 = Release|x86
		{52EA183E-6B3D-42AC-BCE2-B1F4357F4B6F}.Ad-Hoc|Any CPU.ActiveCfg = Ad-Hoc|iPhone
		{52EA183E-6B3D-42AC-BCE2-B1F4357F4B6F}.Ad-Hoc|ARM.ActiveCfg = Ad-Hoc|iPhone
		{52EA183E-6B3D-42AC-BCE2-B1F4357F4B6F}.Ad-Hoc|iPhone.ActiveCfg = Ad-Hoc|iPhone
		{52EA183E-6B3D-42AC-BCE2-B1F4357F4B6F}.Ad-Hoc|iPhone.Build.0 = Ad-Hoc|iPhone
		{52EA183E-6B3D-42AC-BCE2-B1F4357F4B6F}.Ad-Hoc|iPhoneSimulator.ActiveCfg = Ad-Hoc|iPhoneSimulator
		{52EA183E-6B3D-42AC-BCE2-B1F4357F4B6F}.Ad-Hoc|iPhoneSimulator.Build.0 = Ad-Hoc|iPhoneSimulator
		{52EA183E-6B3D-42AC-BCE2-B1F4357F4B6F}.Ad-Hoc|Mixed Platforms.ActiveCfg = Ad-Hoc|iPhone
		{52EA183E-6B3D-42AC-BCE2-B1F4357F4B6F}.Ad-Hoc|Mixed Platforms.Build.0 = Ad-Hoc|iPhone
		{52EA183E-6B3D-42AC-BCE2-B1F4357F4B6F}.Ad-Hoc|x64.ActiveCfg = Ad-Hoc|iPhone
		{52EA183E-6B3D-42AC-BCE2-B1F4357F4B6F}.Ad-Hoc|x86.ActiveCfg = Ad-Hoc|iPhone
		{52EA183E-6B3D-42AC-BCE2-B1F4357F4B6F}.AppStore|Any CPU.ActiveCfg = AppStore|iPhone
		{52EA183E-6B3D-42AC-BCE2-B1F4357F4B6F}.AppStore|ARM.ActiveCfg = AppStore|iPhone
		{52EA183E-6B3D-42AC-BCE2-B1F4357F4B6F}.AppStore|iPhone.ActiveCfg = AppStore|iPhone
		{52EA183E-6B3D-42AC-BCE2-B1F4357F4B6F}.AppStore|iPhone.Build.0 = AppStore|iPhone
		{52EA183E-6B3D-42AC-BCE2-B1F4357F4B6F}.AppStore|iPhoneSimulator.ActiveCfg = AppStore|iPhoneSimulator
		{52EA183E-6B3D-42AC-BCE2-B1F4357F4B6F}.AppStore|iPhoneSimulator.Build.0 = AppStore|iPhoneSimulator
		{52EA183E-6B3D-42AC-BCE2-B1F4357F4B6F}.AppStore|Mixed Platforms.ActiveCfg = AppStore|iPhone
		{52EA183E-6B3D-42AC-BCE2-B1F4357F4B6F}.AppStore|Mixed Platforms.Build.0 = AppStore|iPhone
		{52EA183E-6B3D-42AC-BCE2-B1F4357F4B6F}.AppStore|x64.ActiveCfg = AppStore|iPhone
		{52EA183E-6B3D-42AC-BCE2-B1F4357F4B6F}.AppStore|x86.ActiveCfg = AppStore|iPhone
		{52EA183E-6B3D-42AC-BCE2-B1F4357F4B6F}.Debug|Any CPU.ActiveCfg = Debug|iPhone
		{52EA183E-6B3D-42AC-BCE2-B1F4357F4B6F}.Debug|ARM.ActiveCfg = Debug|iPhone
		{52EA183E-6B3D-42AC-BCE2-B1F4357F4B6F}.Debug|iPhone.ActiveCfg = Debug|iPhone
		{52EA183E-6B3D-42AC-BCE2-B1F4357F4B6F}.Debug|iPhone.Build.0 = Debug|iPhone
		{52EA183E-6B3D-42AC-BCE2-B1F4357F4B6F}.Debug|iPhoneSimulator.ActiveCfg = Debug|iPhoneSimulator
		{52EA183E-6B3D-42AC-BCE2-B1F4357F4B6F}.Debug|iPhoneSimulator.Build.0 = Debug|iPhoneSimulator
		{52EA183E-6B3D-42AC-BCE2-B1F4357F4B6F}.Debug|Mixed Platforms.ActiveCfg = Debug|iPhone
		{52EA183E-6B3D-42AC-BCE2-B1F4357F4B6F}.Debug|Mixed Platforms.Build.0 = Debug|iPhone
		{52EA183E-6B3D-42AC-BCE2-B1F4357F4B6F}.Debug|x64.ActiveCfg = Debug|iPhone
		{52EA183E-6B3D-42AC-BCE2-B1F4357F4B6F}.Debug|x86.ActiveCfg = Debug|iPhone
		{52EA183E-6B3D-42AC-BCE2-B1F4357F4B6F}.Release|Any CPU.ActiveCfg = Release|iPhone
		{52EA183E-6B3D-42AC-BCE2-B1F4357F4B6F}.Release|ARM.ActiveCfg = Release|iPhone
		{52EA183E-6B3D-42AC-BCE2-B1F4357F4B6F}.Release|iPhone.ActiveCfg = Release|iPhone
		{52EA183E-6B3D-42AC-BCE2-B1F4357F4B6F}.Release|iPhone.Build.0 = Release|iPhone
		{52EA183E-6B3D-42AC-BCE2-B1F4357F4B6F}.Release|iPhoneSimulator.ActiveCfg = Release|iPhoneSimulator
		{52EA183E-6B3D-42AC-BCE2-B1F4357F4B6F}.Release|iPhoneSimulator.Build.0 = Release|iPhoneSimulator
		{52EA183E-6B3D-42AC-BCE2-B1F4357F4B6F}.Release|Mixed Platforms.ActiveCfg = Release|iPhone
		{52EA183E-6B3D-42AC-BCE2-B1F4357F4B6F}.Release|Mixed Platforms.Build.0 = Release|iPhone
		{52EA183E-6B3D-42AC-BCE2-B1F4357F4B6F}.Release|x64.ActiveCfg = Release|iPhone
		{52EA183E-6B3D-42AC-BCE2-B1F4357F4B6F}.Release|x86.ActiveCfg = Release|iPhone
		{8911C8C4-3FCB-428D-94AA-301697D27B6B}.Ad-Hoc|Any CPU.ActiveCfg = Release|Any CPU
		{8911C8C4-3FCB-428D-94AA-301697D27B6B}.Ad-Hoc|Any CPU.Build.0 = Release|Any CPU
		{8911C8C4-3FCB-428D-94AA-301697D27B6B}.Ad-Hoc|Any CPU.Deploy.0 = Release|Any CPU
		{8911C8C4-3FCB-428D-94AA-301697D27B6B}.Ad-Hoc|ARM.ActiveCfg = Release|Any CPU
		{8911C8C4-3FCB-428D-94AA-301697D27B6B}.Ad-Hoc|iPhone.ActiveCfg = Release|Any CPU
		{8911C8C4-3FCB-428D-94AA-301697D27B6B}.Ad-Hoc|iPhoneSimulator.ActiveCfg = Release|Any CPU
		{8911C8C4-3FCB-428D-94AA-301697D27B6B}.Ad-Hoc|Mixed Platforms.ActiveCfg = Release|Any CPU
		{8911C8C4-3FCB-428D-94AA-301697D27B6B}.Ad-Hoc|Mixed Platforms.Build.0 = Release|Any CPU
		{8911C8C4-3FCB-428D-94AA-301697D27B6B}.Ad-Hoc|Mixed Platforms.Deploy.0 = Release|Any CPU
		{8911C8C4-3FCB-428D-94AA-301697D27B6B}.Ad-Hoc|x64.ActiveCfg = Release|Any CPU
		{8911C8C4-3FCB-428D-94AA-301697D27B6B}.Ad-Hoc|x86.ActiveCfg = Release|Any CPU
		{8911C8C4-3FCB-428D-94AA-301697D27B6B}.AppStore|Any CPU.ActiveCfg = Release|Any CPU
		{8911C8C4-3FCB-428D-94AA-301697D27B6B}.AppStore|Any CPU.Build.0 = Release|Any CPU
		{8911C8C4-3FCB-428D-94AA-301697D27B6B}.AppStore|Any CPU.Deploy.0 = Release|Any CPU
		{8911C8C4-3FCB-428D-94AA-301697D27B6B}.AppStore|ARM.ActiveCfg = Release|Any CPU
		{8911C8C4-3FCB-428D-94AA-301697D27B6B}.AppStore|iPhone.ActiveCfg = Release|Any CPU
		{8911C8C4-3FCB-428D-94AA-301697D27B6B}.AppStore|iPhoneSimulator.ActiveCfg = Release|Any CPU
		{8911C8C4-3FCB-428D-94AA-301697D27B6B}.AppStore|Mixed Platforms.ActiveCfg = Release|Any CPU
		{8911C8C4-3FCB-428D-94AA-301697D27B6B}.AppStore|Mixed Platforms.Build.0 = Release|Any CPU
		{8911C8C4-3FCB-428D-94AA-301697D27B6B}.AppStore|Mixed Platforms.Deploy.0 = Release|Any CPU
		{8911C8C4-3FCB-428D-94AA-301697D27B6B}.AppStore|x64.ActiveCfg = Release|Any CPU
		{8911C8C4-3FCB-428D-94AA-301697D27B6B}.AppStore|x86.ActiveCfg = Release|Any CPU
		{8911C8C4-3FCB-428D-94AA-301697D27B6B}.Debug|Any CPU.ActiveCfg = Debug|Any CPU
		{8911C8C4-3FCB-428D-94AA-301697D27B6B}.Debug|Any CPU.Build.0 = Debug|Any CPU
		{8911C8C4-3FCB-428D-94AA-301697D27B6B}.Debug|Any CPU.Deploy.0 = Debug|Any CPU
		{8911C8C4-3FCB-428D-94AA-301697D27B6B}.Debug|ARM.ActiveCfg = Debug|Any CPU
		{8911C8C4-3FCB-428D-94AA-301697D27B6B}.Debug|iPhone.ActiveCfg = Debug|Any CPU
		{8911C8C4-3FCB-428D-94AA-301697D27B6B}.Debug|iPhoneSimulator.ActiveCfg = Debug|Any CPU
		{8911C8C4-3FCB-428D-94AA-301697D27B6B}.Debug|Mixed Platforms.ActiveCfg = Debug|Any CPU
		{8911C8C4-3FCB-428D-94AA-301697D27B6B}.Debug|Mixed Platforms.Build.0 = Debug|Any CPU
		{8911C8C4-3FCB-428D-94AA-301697D27B6B}.Debug|Mixed Platforms.Deploy.0 = Debug|Any CPU
		{8911C8C4-3FCB-428D-94AA-301697D27B6B}.Debug|x64.ActiveCfg = Debug|Any CPU
		{8911C8C4-3FCB-428D-94AA-301697D27B6B}.Debug|x86.ActiveCfg = Debug|Any CPU
		{8911C8C4-3FCB-428D-94AA-301697D27B6B}.Release|Any CPU.ActiveCfg = Release|Any CPU
		{8911C8C4-3FCB-428D-94AA-301697D27B6B}.Release|Any CPU.Build.0 = Release|Any CPU
		{8911C8C4-3FCB-428D-94AA-301697D27B6B}.Release|Any CPU.Deploy.0 = Release|Any CPU
		{8911C8C4-3FCB-428D-94AA-301697D27B6B}.Release|ARM.ActiveCfg = Release|Any CPU
		{8911C8C4-3FCB-428D-94AA-301697D27B6B}.Release|iPhone.ActiveCfg = Release|Any CPU
		{8911C8C4-3FCB-428D-94AA-301697D27B6B}.Release|iPhoneSimulator.ActiveCfg = Release|Any CPU
		{8911C8C4-3FCB-428D-94AA-301697D27B6B}.Release|Mixed Platforms.ActiveCfg = Release|Any CPU
		{8911C8C4-3FCB-428D-94AA-301697D27B6B}.Release|Mixed Platforms.Build.0 = Release|Any CPU
		{8911C8C4-3FCB-428D-94AA-301697D27B6B}.Release|Mixed Platforms.Deploy.0 = Release|Any CPU
		{8911C8C4-3FCB-428D-94AA-301697D27B6B}.Release|x64.ActiveCfg = Release|Any CPU
		{8911C8C4-3FCB-428D-94AA-301697D27B6B}.Release|x86.ActiveCfg = Release|Any CPU
	EndGlobalSection
	GlobalSection(SolutionProperties) = preSolution
		HideSolutionNode = FALSE
	EndGlobalSection
EndGlobal
